# Generated by `rrc fetch --record`. Do not edit by hand.
# A pin move is a diff in this file with the hash in it.

[[project]]
name = "c4"
url = "https://codeload.github.com/rswier/c4/tar.gz/2feb8c0a142b2e513be69442c24af82dbaf41a25"
sha256 = "f9c601a370c4932969aa8ded5cec403258e708ed8a4ff6037069083e45c2238e"
bytes = 12097
licence-sha256 = "a45d0bb572ed792ed34627a72621834b3ba92aab6e2cc4e04301dee7a728d753"
verified = "2026-09-06"

[[project]]
name = "coremark"
url = "https://codeload.github.com/eembc/coremark/tar.gz/1f483d5b8316753a742cbf5590caf5bd0a4e4777"
sha256 = "4067e7f260218df13f2875d8f821a8ff32a84153c6e0759d7c89f96c0a8bf987"
bytes = 405671
licence-sha256 = "9577b9c846f61fd69a0d8ac965998c6450c7d8969f71f0bb4a931b91aebad28a"
verified = "2026-09-06"

[[project]]
name = "heatshrink"
url = "https://codeload.github.com/atomicobject/heatshrink/tar.gz/7d419e1fa4830d0b919b9b6a91fe2fb786cf3280"
sha256 = "b18a1b7ad6f51eac7ac1a81ca072703bd21d6d8727c05cd505843643705af65d"
bytes = 37008
licence-sha256 = "719955e6b3498b00d36046f19f4b785b238c65501bd009373b5af573912a7037"
verified = "2026-09-06"

[[project]]
name = "incbin"
url = "https://codeload.github.com/graphitemaster/incbin/tar.gz/22061f51fe9f2f35f061f85c2b217b55dd75310d"
sha256 = "5e98934364bbb09fa1c0cc46b612f22c87cc9d1df80dd8ea15078a69cf82cfff"
bytes = 10766
licence-sha256 = "7e12e5df4bae12cb21581ba157ced20e1986a0508dd10d0e8a4ab9a4cf94e85c"
verified = "2026-09-06"

[[project]]
name = "jsmn"
url = "https://codeload.github.com/zserge/jsmn/tar.gz/25647e692c7906b96ffd2b05ca54c097948e879c"
sha256 = "02ac62537ea34ee33b55efa41a832b78086548715298a454b6f304e29a7c9d43"
bytes = 12631
licence-sha256 = "4675b94a50d2afe811c52785463c854f1156056632cce17cc7133939eac8ed55"
verified = "2026-09-06"

[[project]]
name = "jtckdint"
url = "https://codeload.github.com/jart/jtckdint/tar.gz/d4c68b9559acdcc18b73c9fa463edc6b9c569c9f"
sha256 = "2510b9b932ed2b14055d738576d97d62b76185122b6f014fb36bd641b967b525"
bytes = 8886
licence-sha256 = "c2b829605ee9c0b05c5c3708f308fc9b0954fb6ad1e0ab1add85f740a8827497"
verified = "2026-09-06"

[[project]]
name = "llama2.c"
url = "https://codeload.github.com/karpathy/llama2.c/tar.gz/350e04fe35433e6d2941dce5a1f53308f87058eb"
sha256 = "9210e104192375f2c156fd24a84d2692c6b199f8ebbc2337551842c03cc1ddce"
bytes = 700335
licence-sha256 = "e87b912002f04cdfa837eaf7f70548ab79b9cb62a285495edf575f3da875aec4"
verified = "2026-09-06"

[[project]]
name = "parson"
url = "https://codeload.github.com/kgabis/parson/tar.gz/ba29f4eda9ea7703a9f6a9cf2b0532a2605723c3"
sha256 = "d311cd3d051965485bff1c89a3980df7ad0ee3f9c0f33c18964d8c1cc32ef2cf"
bytes = 28803
licence-sha256 = "1654be3a1c88c6ae90f1c25ec880ef80076d05910199688dd9853f27d1e894cf"
verified = "2026-09-06"

[[project]]
name = "sds"
url = "https://codeload.github.com/antirez/sds/tar.gz/5347739b1581fcba74fd5cab1fc21d2aef317d71"
sha256 = "37a4afd7d2b766609dfb0c2e3da84eaec74d00302165c0d04a0f42b204dfb295"
bytes = 26024
licence-sha256 = "bb0d0d505009fdf584b0f44dbb62562eebada497d53d726cd2e940ada512dc16"
verified = "2026-09-06"

[[project]]
name = "tinf"
url = "https://codeload.github.com/jibsen/tinf/tar.gz/9929246b87f0946b124cfa2a89894b8943b0b072"
sha256 = "7bd54db053e9cd9290cd28a6a4250ea8d4cc3f2e2598da29387e4ea2b956f2e3"
bytes = 30374
licence-sha256 = "f39b507b81b9ba1edce7fe742bbd68fda4b852063ce7299274ae97991d48814b"
verified = "2026-09-06"

[[project]]
name = "tinyexpr"
url = "https://codeload.github.com/codeplea/tinyexpr/tar.gz/6d2233ce14dca063994708a91b3b98e24e8aa0c3"
sha256 = "cdeaf4bbd89d00e70a2423fd96d069918c1d2eeca13c0924c6b3cb91c527603f"
bytes = 43757
licence-sha256 = "d5c1816fe55f43fe3f3224755d3d2808817d44e80c4538ef48c1d43b34ceb7db"
verified = "2026-09-06"
