# Generated by `rrc fetch --record`. Do not edit by hand.
# A pin move is a diff in this file with the hash in it.

[[project]]
name = "blake2"
url = "https://codeload.github.com/BLAKE2/BLAKE2/tar.gz/ed1974ea83433eba7b2d95c5dcd9ac33cb847913"
sha256 = "e1d1194cde9fec0f150961cca8f3d9bdf7c5a5cbe020d1cdfb962b4887793124"
bytes = 908956
licence-sha256 = "a2010f343487d3f7618affe54f789f5487602331c0a8d03f49e9a7c547cf0499"
verified = "2026-09-08"

[[project]]
name = "brotli"
url = "https://github.com/google/brotli/archive/refs/tags/v1.2.0.tar.gz"
sha256 = "816c96e8e8f193b40151dad7e8ff37b1221d019dbcb9c35cd3fadbfe6477dfec"
bytes = 646315
licence-sha256 = "3d180008e36922a4e8daec11c34c7af264fed5962d07924aea928c38e8663c94"
verified = "2026-09-08"

[[project]]
name = "byacc"
url = "https://invisible-island.net/archives/byacc/byacc-20260126.tgz"
sha256 = "b618c5fb44c2f5f048843db90f7d1b24f78f47b07913c8c7ba8c942d3eb24b00"
bytes = 914130
licence-sha256 = "654a231fe9cd4d36e580214962fa777a1df0771d6889cfc74d19a3d414f14711"
verified = "2026-09-10"

[[project]]
name = "bzip2"
url = "https://sourceware.org/pub/bzip2/bzip2-1.0.8.tar.gz"
sha256 = "ab5a03176ee106d3f0fa90e381da478ddae405918153cca248e682cd0c4a2269"
bytes = 810029
licence-sha256 = "c6dbbf828498be844a89eaa3b84adbab3199e342eb5cb2ed2f0d4ba7ec0f38a3"
verified = "2026-09-08"

[[project]]
name = "c4"
url = "https://codeload.github.com/rswier/c4/tar.gz/2feb8c0a142b2e513be69442c24af82dbaf41a25"
sha256 = "f9c601a370c4932969aa8ded5cec403258e708ed8a4ff6037069083e45c2238e"
bytes = 12097
licence-sha256 = "a45d0bb572ed792ed34627a72621834b3ba92aab6e2cc4e04301dee7a728d753"
verified = "2026-09-08"

[[project]]
name = "chibi-scheme"
url = "https://codeload.github.com/ashinn/chibi-scheme/tar.gz/6991e209307ec4768a51394f9850975b5360e32a"
sha256 = "945aff4a5dfcc8a7a31309283bf99c57d2612b770bea2128c32a976bf1f89f61"
bytes = 1258996
licence-sha256 = "86805fe7af1bd20d5f5050d86c61d6fe038452cb08c6106a08761e010d37da43"
verified = "2026-09-08"

[[project]]
name = "cjson"
url = "https://github.com/DaveGamble/cJSON/archive/refs/tags/v1.7.19.tar.gz"
sha256 = "7fa616e3046edfa7a28a32d5f9eacfd23f92900fe1f8ccd988c1662f30454562"
bytes = 356247
licence-sha256 = "a36dda207c36db5818729c54e7ad4e8b0c6fba847491ba64f372c1a2037b6d5c"
verified = "2026-09-08"

[[project]]
name = "cmocka"
url = "https://cmocka.org/files/1.1/cmocka-1.1.7.tar.xz"
sha256 = "810570eb0b8d64804331f82b29ff47c790ce9cd6b163e98d47a4807047ecad82"
bytes = 84064
licence-sha256 = "cfc7749b96f63bd31c3c42b5c471bf756814053e847c10f3eb003417bc523d30"
verified = "2026-09-08"

[[project]]
name = "coremark"
url = "https://codeload.github.com/eembc/coremark/tar.gz/1f483d5b8316753a742cbf5590caf5bd0a4e4777"
sha256 = "4067e7f260218df13f2875d8f821a8ff32a84153c6e0759d7c89f96c0a8bf987"
bytes = 405671
licence-sha256 = "9577b9c846f61fd69a0d8ac965998c6450c7d8969f71f0bb4a931b91aebad28a"
verified = "2026-09-08"

[[project]]
name = "diffutils"
url = "https://ftp.gnu.org/gnu/diffutils/diffutils-3.12.tar.xz"
sha256 = "7c8b7f9fc8609141fdea9cece85249d308624391ff61dedaf528fcb337727dfd"
bytes = 1938800
licence-sha256 = "8ceb4b9ee5adedde47b31e975c1d90c73ad27b6b165a1dcd80c7c545eb65b903"
verified = "2026-09-10"

[[project]]
name = "duktape"
url = "https://duktape.org/duktape-2.7.0.tar.xz"
sha256 = "90f8d2fa8b5567c6899830ddef2c03f3c27960b11aca222fa17aa7ac613c2890"
bytes = 1026524
licence-sha256 = "c6b6659630ca6cb837afe982ecc79511bfca878b56296d628b02eb6f18789c29"
verified = "2026-09-09"

[[project]]
name = "femtolisp"
url = "https://codeload.github.com/JeffBezanson/femtolisp/tar.gz/ec7601076a976f845bc05ad6bd3ed5b8cde58a97"
sha256 = "a3a50cd092eb0b9bc65fae43b802e8a1cfbd3dd3b318ffc81c221adfe5f2a30e"
bytes = 394899
licence-sha256 = "081b0afd337461294dace894aac211c09f97f29d7ffb7b962650f595f434f5b5"
verified = "2026-09-08"

[[project]]
name = "flex"
url = "https://github.com/westes/flex/releases/download/v2.6.4/flex-2.6.4.tar.gz"
sha256 = "e87aae032bf07c26f85ac0ed3250998c37621d95f8bd748b31f15b33c45ee995"
bytes = 1419096
licence-sha256 = "97fd685958d93be7f8dab939bb8161dbd6afb0718c63bfc337c24321aea44273"
verified = "2026-09-10"

[[project]]
name = "gdbm"
url = "https://ftp.gnu.org/gnu/gdbm/gdbm-1.26.tar.gz"
sha256 = "6a24504a14de4a744103dcb936be976df6fbe88ccff26065e54c1c47946f4a5e"
bytes = 1226591
licence-sha256 = "690d762f2e8e149ab1e2d6a409a3853b6151a2533b2382fae549a176d6bedecf"
verified = "2026-09-08"

[[project]]
name = "grep"
url = "https://ftp.gnu.org/gnu/grep/grep-3.12.tar.xz"
sha256 = "2649b27c0e90e632eadcd757be06c6e9a4f48d941de51e7c0f83ff76408a07b9"
bytes = 1918448
licence-sha256 = "3972dc9744f6499f0f9b2dbf76696f2ae7ad8af9b23dde66d6af86c9dfb36986"
verified = "2026-09-10"

[[project]]
name = "gzip"
url = "https://ftp.gnu.org/gnu/gzip/gzip-1.14.tar.xz"
sha256 = "01a7b881bd220bfdf615f97b8718f80bdfd3f6add385b993dcf6efd14e8c0ac6"
bytes = 885748
licence-sha256 = "3972dc9744f6499f0f9b2dbf76696f2ae7ad8af9b23dde66d6af86c9dfb36986"
verified = "2026-09-10"

[[project]]
name = "heatshrink"
url = "https://codeload.github.com/atomicobject/heatshrink/tar.gz/7d419e1fa4830d0b919b9b6a91fe2fb786cf3280"
sha256 = "b18a1b7ad6f51eac7ac1a81ca072703bd21d6d8727c05cd505843643705af65d"
bytes = 37008
licence-sha256 = "719955e6b3498b00d36046f19f4b785b238c65501bd009373b5af573912a7037"
verified = "2026-09-08"

[[project]]
name = "incbin"
url = "https://codeload.github.com/graphitemaster/incbin/tar.gz/22061f51fe9f2f35f061f85c2b217b55dd75310d"
sha256 = "5e98934364bbb09fa1c0cc46b612f22c87cc9d1df80dd8ea15078a69cf82cfff"
bytes = 10766
licence-sha256 = "7e12e5df4bae12cb21581ba157ced20e1986a0508dd10d0e8a4ab9a4cf94e85c"
verified = "2026-09-08"

[[project]]
name = "janet"
url = "https://codeload.github.com/janet-lang/janet/tar.gz/refs/tags/v1.38.0"
sha256 = "84dbf7db9c09677618549fb4be23631fd64f527af21051db02753241a2f6f752"
bytes = 590880
licence-sha256 = "805858acec1df54018879efc78ee3ff7bab5e69908c58e46bbc2d94520f29023"
verified = "2026-09-09"

[[project]]
name = "jsmn"
url = "https://codeload.github.com/zserge/jsmn/tar.gz/25647e692c7906b96ffd2b05ca54c097948e879c"
sha256 = "02ac62537ea34ee33b55efa41a832b78086548715298a454b6f304e29a7c9d43"
bytes = 12631
licence-sha256 = "4675b94a50d2afe811c52785463c854f1156056632cce17cc7133939eac8ed55"
verified = "2026-09-08"

[[project]]
name = "jtckdint"
url = "https://codeload.github.com/jart/jtckdint/tar.gz/d4c68b9559acdcc18b73c9fa463edc6b9c569c9f"
sha256 = "2510b9b932ed2b14055d738576d97d62b76185122b6f014fb36bd641b967b525"
bytes = 8886
licence-sha256 = "c2b829605ee9c0b05c5c3708f308fc9b0954fb6ad1e0ab1add85f740a8827497"
verified = "2026-09-08"

[[project]]
name = "libcheck"
url = "https://github.com/libcheck/check/releases/download/0.15.2/check-0.15.2.tar.gz"
sha256 = "a8de4e0bacfb4d76dd1c618ded263523b53b85d92a146d8835eb1a52932fa20a"
bytes = 774985
licence-sha256 = "a9bdde5616ecdd1e980b44f360600ee8783b1f99b8cc83a2beb163a0a390e861"
verified = "2026-09-08"

[[project]]
name = "libconfig"
url = "https://hyperrealm.github.io/libconfig/dist/libconfig-1.8.1.tar.gz"
sha256 = "c73ee3d914ec68c99b61e864832931e9a7112eeabfb449dad217fd83e385cbdf"
bytes = 805588
licence-sha256 = "cbbad55f94feadb16061c4f782910bac254460a44f1c8abd2b91452eff085f55"
verified = "2026-09-08"

[[project]]
name = "libexpat"
url = "https://github.com/libexpat/libexpat/releases/download/R_2_7_0/expat-2.7.0.tar.xz"
sha256 = "25df13dd2819e85fb27a1ce0431772b7047d72af81ae78dc26b4c6e0805f48d1"
bytes = 493060
licence-sha256 = "122f2c27000472a201d337b9b31f7eb2b52d091b02857061a8880371612d9534"
verified = "2026-09-08"

[[project]]
name = "libgmp"
url = "https://ftp.gnu.org/gnu/gmp/gmp-6.3.0.tar.xz"
sha256 = "a3c2b80201b89e68616f4ad30bc66aee4927c3ce50e33929ca819d5c43538898"
bytes = 2094196
licence-sha256 = "a853c2ffec17057872340eee242ae4d96cbf2b520ae27d903e1b2fef1a5f9d1c"
verified = "2026-09-08"

[[project]]
name = "libjansson"
url = "https://github.com/akheron/jansson/releases/download/v2.15.1/jansson-2.15.1.tar.bz2"
sha256 = "f9aa4b3ec8496fee69db94f06f3d76fd4a26b012ee9bf1e917078c2cd2841881"
bytes = 488779
licence-sha256 = "150d90904cd8de73609bb177b42edd3867b07b4b7b786dbba319f30de39fcda2"
verified = "2026-09-08"

[[project]]
name = "libjpeg"
url = "https://www.ijg.org/files/jpegsrc.v9f.tar.gz"
sha256 = "04705c110cb2469caa79fb71fba3d7bf834914706e9641a4589485c1f832565b"
bytes = 1081470
licence-sha256 = "7c25493a9f64fed34d01445467341bda77bc1cdbeccbe33558659ef173fb9ff2"
verified = "2026-09-08"

[[project]]
name = "libmpfr"
url = "https://ftp.gnu.org/gnu/mpfr/mpfr-4.2.2.tar.xz"
sha256 = "b67ba0383ef7e8a8563734e2e889ef5ec3c3b898a01d00fa0a6869ad81c6ce01"
bytes = 1505596
licence-sha256 = "e3a994d82e644b03a792a930f574002658412f62407f5fee083f2555c5f23118"
verified = "2026-09-08"

[[project]]
name = "libpng"
url = "https://download.sourceforge.net/libpng/libpng-1.6.58.tar.xz"
sha256 = "28eb403f51f0f7405249132cecfe82ea5c0ef97f1b32c5a65828814ae0d34775"
bytes = 1070096
licence-sha256 = "bdb0a645ea18c60507d0368379b1ac5474b92255fcc2d115e07486a7672ba526"
verified = "2026-09-08"

[[project]]
name = "libpsl"
url = "https://github.com/rockdaboot/libpsl/releases/download/0.21.5/libpsl-0.21.5.tar.gz"
sha256 = "1dcc9ceae8b128f3c0b3f654decd0e1e891afc6ff81098f227ef260449dae208"
bytes = 7624251
licence-sha256 = "322392e6001b2b3b0fca705dc9f11f26e12441188ecde50eb1d22909980b2925"
verified = "2026-09-08"

[[project]]
name = "libsir"
url = "https://codeload.github.com/aremmell/libsir/tar.gz/0ae01738c93ee6784c431ac70f6322b55e7aacc0"
sha256 = "34a510bc44c20cfe5177c477487ae48e4a5e7e5f153ba4560ebd20e90b3c18a9"
bytes = 2858121
licence-sha256 = "62288e34a3c175dd5497ccd2e5f3eac20b4477a3f2066d5892d0f320ddb60c1c"
verified = "2026-09-08"

[[project]]
name = "libsodium"
url = "https://download.libsodium.org/libsodium/releases/libsodium-1.0.20.tar.gz"
sha256 = "ebb65ef6ca439333c2bb41a0c1990587288da07f6c7fd07cb3a18cc18d30ce19"
bytes = 1925167
licence-sha256 = "43964d976a6db3fb986af689d05f8ca0e9971878bccae709750dac8fdc4a99cf"
verified = "2026-09-08"

[[project]]
name = "libtommath"
url = "https://github.com/libtom/libtommath/releases/download/v1.3.0/ltm-1.3.0.tar.xz"
sha256 = "296272d93435991308eb73607600c034b558807a07e829e751142e65ccfa9d08"
bytes = 642776
licence-sha256 = "2fa64b163659f41965c9815882a8296d3d03ff546b76153e11445f9bdecf955a"
verified = "2026-09-08"

[[project]]
name = "libuv"
url = "https://dist.libuv.org/dist/v1.51.0/libuv-v1.51.0.tar.gz"
sha256 = "5f0557b90b1106de71951a3c3931de5e0430d78da1d9a10287ebc7a3f78ef8eb"
bytes = 1343638
licence-sha256 = "16de0c32b265cb7d46a6d3bd614f259dd4d693a5e26b3407b04aae8d73041f0c"
verified = "2026-09-08"

[[project]]
name = "libyaml"
url = "https://github.com/yaml/libyaml/releases/download/0.2.5/yaml-0.2.5.tar.gz"
sha256 = "c642ae9b75fee120b2d96c712538bd2cf283228d2337df2cf2988e3c02678ef4"
bytes = 609454
licence-sha256 = "c40112449f254b9753045925248313e9270efa36d226b22d82d4cc6c43c57f29"
verified = "2026-09-08"

[[project]]
name = "linenoise"
url = "https://codeload.github.com/antirez/linenoise/tar.gz/a473823d74b93eab2ba83480df16ed37617493f2"
sha256 = "3db03aba739bc96f3da3133b9615ccc43246ba2c3628b403b00a470abd3b6a8d"
bytes = 44714
licence-sha256 = "efe1692aa5b869edaa0ac88f95eb0276c1125304ffc636a299db3ebbab47f62b"
verified = "2026-09-08"

[[project]]
name = "llama2.c"
url = "https://codeload.github.com/karpathy/llama2.c/tar.gz/350e04fe35433e6d2941dce5a1f53308f87058eb"
sha256 = "9210e104192375f2c156fd24a84d2692c6b199f8ebbc2337551842c03cc1ddce"
bytes = 700335
licence-sha256 = "e87b912002f04cdfa837eaf7f70548ab79b9cb62a285495edf575f3da875aec4"
verified = "2026-09-08"

[[project]]
name = "lmdb"
url = "https://codeload.github.com/LMDB/lmdb/tar.gz/6f0a32496a5aadee15a5e5103c479bd3355ae273"
sha256 = "a828943d5ea975e4c6322f3e6f59fd1df3cc372ae731349f5152bc37210fa5a3"
bytes = 178727
licence-sha256 = "310fe25c858a9515fc8c8d7d1f24a67c9496f84a91e0a0e41ea9975b1371e569"
verified = "2026-09-08"

[[project]]
name = "lua"
url = "https://www.lua.org/ftp/lua-5.4.8.tar.gz"
sha256 = "4f18ddae154e793e46eeab727c59ef1c0c0c2b744e7b94219710d76f530629ae"
bytes = 374332
licence-sha256 = "3b77329f9deed929a5cbe7a7d5fc81ebbb63fd869a49e0a9302fe9240caf1930"
verified = "2026-09-08"

[[project.submodule]]
path = "tests"
url = "https://www.lua.org/tests/lua-5.4.8-tests.tar.gz"
sha256 = "9581d5a7c39ffbf29b8ccde2709083c380f7bbddbd968dcb15712d2f2e33f4e5"
bytes = 137066

[[project]]
name = "lua-nojumptable"
url = "https://www.lua.org/ftp/lua-5.4.8.tar.gz"
sha256 = "4f18ddae154e793e46eeab727c59ef1c0c0c2b744e7b94219710d76f530629ae"
bytes = 374332
licence-sha256 = "3b77329f9deed929a5cbe7a7d5fc81ebbb63fd869a49e0a9302fe9240caf1930"
verified = "2026-09-08"

[[project.submodule]]
path = "tests"
url = "https://www.lua.org/tests/lua-5.4.8-tests.tar.gz"
sha256 = "9581d5a7c39ffbf29b8ccde2709083c380f7bbddbd968dcb15712d2f2e33f4e5"
bytes = 137066

[[project]]
name = "lz4"
url = "https://codeload.github.com/lz4/lz4/tar.gz/ebb370ca83af193212df4dcbadcc5d87bc0de2f0"
sha256 = "eb1a93e934d4fd29df6e2061ba0bf447568561764d758f4a5662c0e29370ffa9"
bytes = 387536
licence-sha256 = "4bc9c403f6b679cc076dee210e0e21c27b4e8f6d3fb43d85364c76657bfaaac5"
verified = "2026-09-08"

[[project]]
name = "mawk"
url = "https://invisible-island.net/archives/mawk/mawk-1.3.4-20260302.tgz"
sha256 = "e2c08a77d0a84a01f9be454d1ca3872d4f103f9ada683d075198b0c6e965633d"
bytes = 438318
licence-sha256 = "edaef632cbb643e4e7a221717a6c441a4c1a7c918e6e4d56debc3d8739b233f6"
verified = "2026-09-10"

[[project]]
name = "micropython"
url = "https://github.com/micropython/micropython/releases/download/v1.26.0/micropython-1.26.0.tar.xz"
sha256 = "a1b8e0f6bf7a8a78b55ac865c46c4c45f9623a86a1785d2063ff1cb3b6e661d7"
bytes = 110526232
licence-sha256 = "419137268636eb7d29b83c68e4f5f4494bcb172c24b18a122eb46312c4966940"
verified = "2026-09-09"

[[project]]
name = "minunit"
url = "https://codeload.github.com/siu/minunit/tar.gz/a0586569bd8abfb7a37390d670484c201e9173bf"
sha256 = "3e3ecbcdc4e166c782dcd1d9c1f80ce14297d948695089521a2a7769224507b9"
bytes = 6008
licence-sha256 = "5b65d2fb2bd2f2d28729e4193b32d6b977d7239ce43b1b8298e1ec8362c08dfc"
verified = "2026-09-08"

[[project]]
name = "monocypher"
url = "https://monocypher.org/download/monocypher-4.0.2.tar.gz"
sha256 = "38d07179738c0c90677dba3ceb7a7b8496bcfea758ba1a53e803fed30ae0879c"
bytes = 939996
licence-sha256 = "5f8360e4c06ddcc584bdb4b210c6af824c4bb301e6a9a521869b6d90795ca4b3"
verified = "2026-09-08"

[[project]]
name = "ncompress"
url = "https://codeload.github.com/vapier/ncompress/tar.gz/e77a84ca5a69f01ccfe149e48d10ac563e6c375b"
sha256 = "0905f89daa94853c4c75bfe7fc9b7636a70afd7d84abdd10ee944349de3117b1"
bytes = 34218
licence-sha256 = "d402c89370da74ffa591e911f7fd6de640a5c1ceecaf230eaa8c9a7c132f1403"
verified = "2026-09-08"

[[project]]
name = "oniguruma"
url = "https://github.com/kkos/oniguruma/releases/download/v6.9.10/onig-6.9.10.tar.gz"
sha256 = "2a5cfc5ae259e4e97f86b68dfffc152cdaffe94e2060b770cb827238d769fc05"
bytes = 979159
licence-sha256 = "70ba5469ea0bab6e18a32d7009068f996503168d27be57747e08da34337ff26f"
verified = "2026-09-08"

[[project]]
name = "parson"
url = "https://codeload.github.com/kgabis/parson/tar.gz/ba29f4eda9ea7703a9f6a9cf2b0532a2605723c3"
sha256 = "d311cd3d051965485bff1c89a3980df7ad0ee3f9c0f33c18964d8c1cc32ef2cf"
bytes = 28803
licence-sha256 = "1654be3a1c88c6ae90f1c25ec880ef80076d05910199688dd9853f27d1e894cf"
verified = "2026-09-08"

[[project]]
name = "pcre2"
url = "https://github.com/PCRE2Project/pcre2/releases/download/pcre2-10.48/pcre2-10.48.tar.bz2"
sha256 = "b6c68fdf6f3ac31388b50aa89ff0fc49c00c987c16e7b5146491d12003f2c8ed"
bytes = 2213024
licence-sha256 = "197d8a73ffee0d6b09adba2f9c677b5f5aede24edf89258a68e48248d010d811"
verified = "2026-09-08"

[[project]]
name = "pdpmake"
url = "https://codeload.github.com/rmyorston/pdpmake/tar.gz/refs/tags/2.0.4"
sha256 = "7e19294d54edf360591d76d3b7a0a511864902ac3a75a0b5b11c7b3cae14c13f"
bytes = 47337
licence-sha256 = "a93429663f93ed6f965be077984f481bfc1ea4d7382729a17eb2f345620f81de"
verified = "2026-09-09"

[[project]]
name = "picohttpparser"
url = "https://codeload.github.com/h2o/picohttpparser/tar.gz/539bb9f510f5aefc8efda53aaf822a21ecae2832"
sha256 = "f6da62f0b983cb2359a580a9b6408b31cea562ce307daf838ca7291c0046b96c"
bytes = 18686
licence-sha256 = "108520e1661d2526e92efce34f3935c998d8a3d2e2a19d9a5c12e2532f05af55"
verified = "2026-09-08"

[[project.submodule]]
path = "picotest"
url = "https://codeload.github.com/h2o/picotest/tar.gz/70b9797596d81896cba49e5918fd5b1edf57269b"
sha256 = "b7dae81c4dc20019c9e465d055c55e3a2963ada9433fc6e90fe15d1b70d2fa62"
bytes = 1495

[[project]]
name = "quickjs"
url = "https://codeload.github.com/bellard/quickjs/tar.gz/04be246001599f5995fa2f2d8c91a0f198d3f34c"
sha256 = "2a87ffcca6c870f764ce70a7736351bd7cff3dc1fb95a8fb059c260979f1e01a"
bytes = 636419
licence-sha256 = "598fd7fc928e4350abce36e337ba5a1346923c5c692f5be92c3d8e29ddd7c18d"
verified = "2026-09-08"

[[project]]
name = "rpmalloc"
url = "https://codeload.github.com/mjansson/rpmalloc/tar.gz/5dacae8ba4ec31100dd2ed4bffd552abbd3cb29f"
sha256 = "0c05238dc530accc386b7c25c17cd0d4a8a02177e5398b1212df27a370826f0d"
bytes = 2075883
licence-sha256 = "0100518799526908a06f4ba93b97a438362b589124c0081ba57dd4bfd7998a84"
verified = "2026-09-08"

[[project]]
name = "sds"
url = "https://codeload.github.com/antirez/sds/tar.gz/5347739b1581fcba74fd5cab1fc21d2aef317d71"
sha256 = "37a4afd7d2b766609dfb0c2e3da84eaec74d00302165c0d04a0f42b204dfb295"
bytes = 26024
licence-sha256 = "bb0d0d505009fdf584b0f44dbb62562eebada497d53d726cd2e940ada512dc16"
verified = "2026-09-08"

[[project]]
name = "sed"
url = "https://ftp.gnu.org/gnu/sed/sed-4.9.tar.xz"
sha256 = "6e226b732e1cd739464ad6862bd1a1aba42d7982922da7a53519631d24975181"
bytes = 1397092
licence-sha256 = "3972dc9744f6499f0f9b2dbf76696f2ae7ad8af9b23dde66d6af86c9dfb36986"
verified = "2026-09-10"

[[project]]
name = "sqlite-shell"
url = "https://sqlite.org/2026/sqlite-src-3530400.zip"
sha256 = "d18fa15aec74d8c17e1463f861095adc01b5ad190256acb4f91d22f0368d232b"
bytes = 14557315
licence-sha256 = "ee6af51062b30d532991face5164136ae6f84e265ecf8abe89dc69dac45ca1e7"
verified = "2026-09-10"

[[project]]
name = "tar"
url = "https://ftp.gnu.org/gnu/tar/tar-1.35.tar.xz"
sha256 = "4d62ff37342ec7aed748535323930c7cf94acf71c3591882b26a7ea50f3edc16"
bytes = 2317208
licence-sha256 = "3972dc9744f6499f0f9b2dbf76696f2ae7ad8af9b23dde66d6af86c9dfb36986"
verified = "2026-09-10"

[[project]]
name = "tcc"
url = "https://codeload.github.com/TinyCC/tinycc/tar.gz/a338258d309c888bde96b2d1f206299231a54ddf"
sha256 = "5b57d2fc37304cf60aee41f194af69ab555a458af828f21ddd24f22888c8abc8"
bytes = 1034789
licence-sha256 = "512d2d21b6b3384ba64781abb0208a1b87740bc31e2df48e2b206ddb7e4d5779"
verified = "2026-09-09"

[[project]]
name = "tinf"
url = "https://codeload.github.com/jibsen/tinf/tar.gz/9929246b87f0946b124cfa2a89894b8943b0b072"
sha256 = "7bd54db053e9cd9290cd28a6a4250ea8d4cc3f2e2598da29387e4ea2b956f2e3"
bytes = 30374
licence-sha256 = "f39b507b81b9ba1edce7fe742bbd68fda4b852063ce7299274ae97991d48814b"
verified = "2026-09-08"

[[project]]
name = "tinycthread"
url = "https://codeload.github.com/tinycthread/tinycthread/tar.gz/8d1608be0e9b47d7d80c1ce28efa5608da5fd1b5"
sha256 = "11b6a6c747a1d1b3a6f788ab6d9814923a7e2eb46cbaa3abfb4c63fa77fed0fa"
bytes = 29413
licence-sha256 = "9f31950578209cf172952215a12371102f09dc554d71bc643ff232b8414b814b"
verified = "2026-09-08"

[[project]]
name = "tinyexpr"
url = "https://codeload.github.com/codeplea/tinyexpr/tar.gz/6d2233ce14dca063994708a91b3b98e24e8aa0c3"
sha256 = "cdeaf4bbd89d00e70a2423fd96d069918c1d2eeca13c0924c6b3cb91c527603f"
bytes = 43757
licence-sha256 = "d5c1816fe55f43fe3f3224755d3d2808817d44e80c4538ef48c1d43b34ceb7db"
verified = "2026-09-08"

[[project]]
name = "toybox"
url = "https://landley.net/toybox/downloads/toybox-0.8.12.tar.gz"
sha256 = "ad88a921133ae2231d9f2df875ec0bd42af4429145caea7d7db9e02208a6fd2e"
bytes = 3600320
licence-sha256 = "948039f91e7e23916019047a035c69214447323c5fc272aefc0fd21e505bf41d"
verified = "2026-09-10"

[[project]]
name = "uzlib"
url = "https://codeload.github.com/pfalcon/uzlib/tar.gz/ae6dbe4582247076efe1b940d1dc7bc9e52d9779"
sha256 = "7630a4c58bb2e5bf85bc3ada6a07ffcc387a729b89911e4fd1ab189214790a42"
bytes = 65440
licence-sha256 = "71e4932b2b9a6f6d43a2dd4bf962bbc71bc9f39d7a446ca855054fb639adbb6f"
verified = "2026-09-08"

[[project]]
name = "wren"
url = "https://codeload.github.com/wren-lang/wren/tar.gz/99d2f0b8fc2686134b32b18166e037639f7e9f2c"
sha256 = "530336e051cda4a4042c41d1e0b401c9dffa16e01513240166f15e4e333cee8f"
bytes = 1819218
licence-sha256 = "ee3c38d9dc66cfda45018fc828a895efed1dc61cbec4baff4b9a40ad617d03b1"
verified = "2026-09-08"

[[project]]
name = "xxhash"
url = "https://codeload.github.com/Cyan4973/xxHash/tar.gz/c0b5ea995d66691734b1a79ad89e73a0d2fd5a53"
sha256 = "6b49e0f12bad8b6fdb1037e0f251c39a0f9bd39c3d756a12ccb1dcf31e5419fa"
bytes = 1155739
licence-sha256 = "6ffedbc0f7878612d2b23589f1ff2ab15633e1df7963a5d9fc750ec5500c7e7a"
verified = "2026-09-08"

[[project]]
name = "xz"
url = "https://github.com/tukaani-project/xz/releases/download/v5.8.1/xz-5.8.1.tar.gz"
sha256 = "507825b599356c10dca1cd720c9d0d0c9d5400b9de300af00e4d1ea150795543"
bytes = 2587189
licence-sha256 = "0b01625d853911cd0e2e088dcfb743261034a091bb379246cb25a14cc4c74bf1"
verified = "2026-09-10"

[[project]]
name = "zlib"
url = "https://codeload.github.com/madler/zlib/tar.gz/51b7f2abdade71cd9bb0e7a373ef2610ec6f9daf"
sha256 = "d9e270d46252734aa49770fbc544125391617956266f220bd63216c834f3a522"
bytes = 1572004
licence-sha256 = "845efc77857d485d91fb3e0b884aaa929368c717ae8186b66fe1ed2495753243"
verified = "2026-09-08"

[[project]]
name = "zstd"
url = "https://github.com/facebook/zstd/releases/download/v1.5.7/zstd-1.5.7.tar.gz"
sha256 = "eb33e51f49a15e023950cd7825ca74a4a2b43db8354825ac24fc1b7ee09e6fa3"
bytes = 2434947
licence-sha256 = "7055266497633c9025b777c78eb7235af13922117480ed5c674677adc381c9d8"
verified = "2026-09-08"
